<?xml version="1.0" encoding="utf-8"?>
<Project ToolsVersion="4.0" xmlns="http://schemas.microsoft.com/developer/msbuild/2003">
  <ItemGroup>
    <Filter Include="main">
      <UniqueIdentifier>{93995380-89BD-4b04-88EB-625FBE52EBFB}</UniqueIdentifier>
      <Extensions>h;hpp;hxx;hm;inl;inc;xsd</Extensions>
    </Filter>
    <Filter Include="zlres">
      <UniqueIdentifier>{da33a951-2927-4bdf-899d-1bf540a692f7}</UniqueIdentifier>
    </Filter>
    <Filter Include="zlobj">
      <UniqueIdentifier>{6de0ae08-1514-418c-9d45-09f8341cace1}</UniqueIdentifier>
    </Filter>
    <Filter Include="unit">
      <UniqueIdentifier>{6e1d4823-355a-4ef2-9805-b6a337f04d3c}</UniqueIdentifier>
    </Filter>
    <Filter Include="zldef">
      <UniqueIdentifier>{fe6b7b6a-00ca-47c1-a632-0a99433b03a0}</UniqueIdentifier>
    </Filter>
  </ItemGroup>
  <ItemGroup>
    <ClInclude Include="stdafx.h">
      <Filter>main</Filter>
    </ClInclude>
    <ClInclude Include="targetver.h">
      <Filter>main</Filter>
    </ClInclude>
    <ClInclude Include="zlres\zlcolorpool.h">
      <Filter>zlres</Filter>
    </ClInclude>
    <ClInclude Include="zldef\zlinclude.h">
      <Filter>zldef</Filter>
    </ClInclude>
  </ItemGroup>
  <ItemGroup>
    <ClCompile Include="stdafx.cpp">
      <Filter>main</Filter>
    </ClCompile>
  </ItemGroup>
  <ItemGroup>
    <Text Include="ReadMe.txt">
      <Filter>main</Filter>
    </Text>
  </ItemGroup>
</Project>